// !$*UTF8*$!
{
	archiveVersion = 1;
	classes = {
	};
	objectVersion = 55;
	objects = {

/* Begin PBXBuildFile section */
		9D85181827BF2FA6006DF722 /* AppDelegate.swift in Sources */ = {isa = PBXBuildFile; fileRef = 9D85181727BF2FA6006DF722 /* AppDelegate.swift */; };
		9D85181A27BF2FA6006DF722 /* SceneDelegate.swift in Sources */ = {isa = PBXBuildFile; fileRef = 9D85181927BF2FA6006DF722 /* SceneDelegate.swift */; };
		9D85181C27BF2FA6006DF722 /* ViewController.swift in Sources */ = {isa = PBXBuildFile; fileRef = 9D85181B27BF2FA6006DF722 /* ViewController.swift */; };
		9D85181F27BF2FA6006DF722 /* Main.storyboard in Resources */ = {isa = PBXBuildFile; fileRef = 9D85181D27BF2FA6006DF722 /* Main.storyboard */; };
		9D85182227BF2FA6006DF722 /* DoorDashExperiments.xcdatamodeld in Sources */ = {isa = PBXBuildFile; fileRef = 9D85182027BF2FA6006DF722 /* DoorDashExperiments.xcdatamodeld */; };
		9D85182427BF2FA7006DF722 /* Assets.xcassets in Resources */ = {isa = PBXBuildFile; fileRef = 9D85182327BF2FA7006DF722 /* Assets.xcassets */; };
		9D85182727BF2FA7006DF722 /* LaunchScreen.storyboard in Resources */ = {isa = PBXBuildFile; fileRef = 9D85182527BF2FA7006DF722 /* LaunchScreen.storyboard */; };
		9D85183027BF2FCC006DF722 /* Menu.swift in Sources */ = {isa = PBXBuildFile; fileRef = 9D85182F27BF2FCC006DF722 /* Menu.swift */; };
		9D85183227BF3015006DF722 /* Store.swift in Sources */ = {isa = PBXBuildFile; fileRef = 9D85183127BF3015006DF722 /* Store.swift */; };
		9D85183427BF35ED006DF722 /* MenuItem.swift in Sources */ = {isa = PBXBuildFile; fileRef = 9D85183327BF35ED006DF722 /* MenuItem.swift */; };
		9D85183727BF43E1006DF722 /* MenuItemCell.swift in Sources */ = {isa = PBXBuildFile; fileRef = 9D85183627BF43E1006DF722 /* MenuItemCell.swift */; };
		9D85183927BF49B8006DF722 /* Modifier.swift in Sources */ = {isa = PBXBuildFile; fileRef = 9D85183827BF49B8006DF722 /* Modifier.swift */; };
		9D85183C27BF4D8B006DF722 /* AddItemTableViewController.swift in Sources */ = {isa = PBXBuildFile; fileRef = 9D85183B27BF4D8B006DF722 /* AddItemTableViewController.swift */; };
		9D85183E27BF4D99006DF722 /* AddModifierTableViewController.swift in Sources */ = {isa = PBXBuildFile; fileRef = 9D85183D27BF4D99006DF722 /* AddModifierTableViewController.swift */; };
		9D85184027BF4F4F006DF722 /* MenuTableViewController.swift in Sources */ = {isa = PBXBuildFile; fileRef = 9D85183F27BF4F4F006DF722 /* MenuTableViewController.swift */; };
		9D85184227BF60C6006DF722 /* TextEntryTableViewCell.swift in Sources */ = {isa = PBXBuildFile; fileRef = 9D85184127BF60C6006DF722 /* TextEntryTableViewCell.swift */; };
		9D85184527BFFB1B006DF722 /* AddItem.storyboard in Resources */ = {isa = PBXBuildFile; fileRef = 9D85184327BFFB1B006DF722 /* AddItem.storyboard */; };
/* End PBXBuildFile section */

/* Begin PBXFileReference section */
		9D85181427BF2FA6006DF722 /* DoorDashExperiments.app */ = {isa = PBXFileReference; explicitFileType = wrapper.application; includeInIndex = 0; path = DoorDashExperiments.app; sourceTree = BUILT_PRODUCTS_DIR; };
		9D85181727BF2FA6006DF722 /* AppDelegate.swift */ = {isa = PBXFileReference; lastKnownFileType = sourcecode.swift; path = AppDelegate.swift; sourceTree = "<group>"; };
		9D85181927BF2FA6006DF722 /* SceneDelegate.swift */ = {isa = PBXFileReference; lastKnownFileType = sourcecode.swift; path = SceneDelegate.swift; sourceTree = "<group>"; };
		9D85181B27BF2FA6006DF722 /* ViewController.swift */ = {isa = PBXFileReference; lastKnownFileType = sourcecode.swift; path = ViewController.swift; sourceTree = "<group>"; };
		9D85181E27BF2FA6006DF722 /* Base */ = {isa = PBXFileReference; lastKnownFileType = file.storyboard; name = Base; path = Base.lproj/Main.storyboard; sourceTree = "<group>"; };
		9D85182127BF2FA6006DF722 /* DoorDashExperiments.xcdatamodel */ = {isa = PBXFileReference; lastKnownFileType = wrapper.xcdatamodel; path = DoorDashExperiments.xcdatamodel; sourceTree = "<group>"; };
		9D85182327BF2FA7006DF722 /* Assets.xcassets */ = {isa = PBXFileReference; lastKnownFileType = folder.assetcatalog; path = Assets.xcassets; sourceTree = "<group>"; };
		9D85182627BF2FA7006DF722 /* Base */ = {isa = PBXFileReference; lastKnownFileType = file.storyboard; name = Base; path = Base.lproj/LaunchScreen.storyboard; sourceTree = "<group>"; };
		9D85182827BF2FA7006DF722 /* Info.plist */ = {isa = PBXFileReference; lastKnownFileType = text.plist.xml; path = Info.plist; sourceTree = "<group>"; };
		9D85182F27BF2FCC006DF722 /* Menu.swift */ = {isa = PBXFileReference; lastKnownFileType = sourcecode.swift; path = Menu.swift; sourceTree = "<group>"; };
		9D85183127BF3015006DF722 /* Store.swift */ = {isa = PBXFileReference; lastKnownFileType = sourcecode.swift; path = Store.swift; sourceTree = "<group>"; };
		9D85183327BF35ED006DF722 /* MenuItem.swift */ = {isa = PBXFileReference; lastKnownFileType = sourcecode.swift; path = MenuItem.swift; sourceTree = "<group>"; };
		9D85183627BF43E1006DF722 /* MenuItemCell.swift */ = {isa = PBXFileReference; lastKnownFileType = sourcecode.swift; path = MenuItemCell.swift; sourceTree = "<group>"; };
		9D85183827BF49B8006DF722 /* Modifier.swift */ = {isa = PBXFileReference; lastKnownFileType = sourcecode.swift; path = Modifier.swift; sourceTree = "<group>"; };
		9D85183B27BF4D8B006DF722 /* AddItemTableViewController.swift */ = {isa = PBXFileReference; lastKnownFileType = sourcecode.swift; path = AddItemTableViewController.swift; sourceTree = "<group>"; };
		9D85183D27BF4D99006DF722 /* AddModifierTableViewController.swift */ = {isa = PBXFileReference; lastKnownFileType = sourcecode.swift; path = AddModifierTableViewController.swift; sourceTree = "<group>"; };
		9D85183F27BF4F4F006DF722 /* MenuTableViewController.swift */ = {isa = PBXFileReference; lastKnownFileType = sourcecode.swift; path = MenuTableViewController.swift; sourceTree = "<group>"; };
		9D85184127BF60C6006DF722 /* TextEntryTableViewCell.swift */ = {isa = PBXFileReference; lastKnownFileType = sourcecode.swift; path = TextEntryTableViewCell.swift; sourceTree = "<group>"; };
		9D85184427BFFB1B006DF722 /* Base */ = {isa = PBXFileReference; lastKnownFileType = file.storyboard; name = Base; path = DoorDashExperiments/Base.lproj/AddItem.storyboard; sourceTree = "<group>"; };
/* End PBXFileReference section */

/* Begin PBXFrameworksBuildPhase section */
		9D85181127BF2FA6006DF722 /* Frameworks */ = {
			isa = PBXFrameworksBuildPhase;
			buildActionMask = 2147483647;
			files = (
			);
			runOnlyForDeploymentPostprocessing = 0;
		};
/* End PBXFrameworksBuildPhase section */

/* Begin PBXGroup section */
		9D85180B27BF2FA5006DF722 = {
			isa = PBXGroup;
			children = (
				9D85181627BF2FA6006DF722 /* DoorDashExperiments */,
				9D85181527BF2FA6006DF722 /* Products */,
			);
			sourceTree = "<group>";
		};
		9D85181527BF2FA6006DF722 /* Products */ = {
			isa = PBXGroup;
			children = (
				9D85181427BF2FA6006DF722 /* DoorDashExperiments.app */,
			);
			name = Products;
			sourceTree = "<group>";
		};
		9D85181627BF2FA6006DF722 /* DoorDashExperiments */ = {
			isa = PBXGroup;
			children = (
				9D85184627C0039C006DF722 /* Data */,
				9D85183A27BF4D57006DF722 /* Controller */,
				9D85183527BF43C8006DF722 /* Views */,
				9D85182E27BF2FBC006DF722 /* Model */,
				9D85181727BF2FA6006DF722 /* AppDelegate.swift */,
				9D85181927BF2FA6006DF722 /* SceneDelegate.swift */,
				9D85181B27BF2FA6006DF722 /* ViewController.swift */,
				9D85181D27BF2FA6006DF722 /* Main.storyboard */,
				9D85184327BFFB1B006DF722 /* AddItem.storyboard */,
				9D85182327BF2FA7006DF722 /* Assets.xcassets */,
				9D85182527BF2FA7006DF722 /* LaunchScreen.storyboard */,
				9D85182827BF2FA7006DF722 /* Info.plist */,
				9D85182027BF2FA6006DF722 /* DoorDashExperiments.xcdatamodeld */,
			);
			path = DoorDashExperiments;
			sourceTree = "<group>";
		};
		9D85182E27BF2FBC006DF722 /* Model */ = {
			isa = PBXGroup;
			children = (
				9D85182F27BF2FCC006DF722 /* Menu.swift */,
				9D85183127BF3015006DF722 /* Store.swift */,
				9D85183327BF35ED006DF722 /* MenuItem.swift */,
				9D85183827BF49B8006DF722 /* Modifier.swift */,
			);
			path = Model;
			sourceTree = "<group>";
		};
		9D85183527BF43C8006DF722 /* Views */ = {
			isa = PBXGroup;
			children = (
				9D85183627BF43E1006DF722 /* MenuItemCell.swift */,
				9D85184127BF60C6006DF722 /* TextEntryTableViewCell.swift */,
			);
			path = Views;
			sourceTree = "<group>";
		};
		9D85183A27BF4D57006DF722 /* Controller */ = {
			isa = PBXGroup;
			children = (
				9D85183F27BF4F4F006DF722 /* MenuTableViewController.swift */,
				9D85183B27BF4D8B006DF722 /* AddItemTableViewController.swift */,
				9D85183D27BF4D99006DF722 /* AddModifierTableViewController.swift */,
			);
			path = Controller;
			sourceTree = "<group>";
		};
		9D85184627C0039C006DF722 /* Data */ = {
			isa = PBXGroup;
			children = (
			);
			path = Data;
			sourceTree = "<group>";
		};
/* End PBXGroup section */

/* Begin PBXNativeTarget section */
		9D85181327BF2FA6006DF722 /* DoorDashExperiments */ = {
			isa = PBXNativeTarget;
			buildConfigurationList = 9D85182B27BF2FA7006DF722 /* Build configuration list for PBXNativeTarget "DoorDashExperiments" */;
			buildPhases = (
				9D85181027BF2FA6006DF722 /* Sources */,
				9D85181127BF2FA6006DF722 /* Frameworks */,
				9D85181227BF2FA6006DF722 /* Resources */,
			);
			buildRules = (
			);
			dependencies = (
			);
			name = DoorDashExperiments;
			productName = DoorDashExperiments;
			productReference = 9D85181427BF2FA6006DF722 /* DoorDashExperiments.app */;
			productType = "com.apple.product-type.application";
		};
/* End PBXNativeTarget section */

/* Begin PBXProject section */
		9D85180C27BF2FA5006DF722 /* Project object */ = {
			isa = PBXProject;
			attributes = {
				BuildIndependentTargetsInParallel = 1;
				LastSwiftUpdateCheck = 1320;
				LastUpgradeCheck = 1320;
				TargetAttributes = {
					9D85181327BF2FA6006DF722 = {
						CreatedOnToolsVersion = 13.2.1;
					};
				};
			};
			buildConfigurationList = 9D85180F27BF2FA5006DF722 /* Build configuration list for PBXProject "DoorDashExperiments" */;
			compatibilityVersion = "Xcode 13.0";
			developmentRegion = en;
			hasScannedForEncodings = 0;
			knownRegions = (
				en,
				Base,
			);
			mainGroup = 9D85180B27BF2FA5006DF722;
			productRefGroup = 9D85181527BF2FA6006DF722 /* Products */;
			projectDirPath = "";
			projectRoot = "";
			targets = (
				9D85181327BF2FA6006DF722 /* DoorDashExperiments */,
			);
		};
/* End PBXProject section */

/* Begin PBXResourcesBuildPhase section */
		9D85181227BF2FA6006DF722 /* Resources */ = {
			isa = PBXResourcesBuildPhase;
			buildActionMask = 2147483647;
			files = (
				9D85182727BF2FA7006DF722 /* LaunchScreen.storyboard in Resources */,
				9D85184527BFFB1B006DF722 /* AddItem.storyboard in Resources */,
				9D85182427BF2FA7006DF722 /* Assets.xcassets in Resources */,
				9D85181F27BF2FA6006DF722 /* Main.storyboard in Resources */,
			);
			runOnlyForDeploymentPostprocessing = 0;
		};
/* End PBXResourcesBuildPhase section */

/* Begin PBXSourcesBuildPhase section */
		9D85181027BF2FA6006DF722 /* Sources */ = {
			isa = PBXSourcesBuildPhase;
			buildActionMask = 2147483647;
			files = (
				9D85183427BF35ED006DF722 /* MenuItem.swift in Sources */,
				9D85183727BF43E1006DF722 /* MenuItemCell.swift in Sources */,
				9D85182227BF2FA6006DF722 /* DoorDashExperiments.xcdatamodeld in Sources */,
				9D85181C27BF2FA6006DF722 /* ViewController.swift in Sources */,
				9D85181827BF2FA6006DF722 /* AppDelegate.swift in Sources */,
				9D85183E27BF4D99006DF722 /* AddModifierTableViewController.swift in Sources */,
				9D85183227BF3015006DF722 /* Store.swift in Sources */,
				9D85183C27BF4D8B006DF722 /* AddItemTableViewController.swift in Sources */,
				9D85184027BF4F4F006DF722 /* MenuTableViewController.swift in Sources */,
				9D85181A27BF2FA6006DF722 /* SceneDelegate.swift in Sources */,
				9D85184227BF60C6006DF722 /* TextEntryTableViewCell.swift in Sources */,
				9D85183027BF2FCC006DF722 /* Menu.swift in Sources */,
				9D85183927BF49B8006DF722 /* Modifier.swift in Sources */,
			);
			runOnlyForDeploymentPostprocessing = 0;
		};
/* End PBXSourcesBuildPhase section */

/* Begin PBXVariantGroup section */
		9D85181D27BF2FA6006DF722 /* Main.storyboard */ = {
			isa = PBXVariantGroup;
			children = (
				9D85181E27BF2FA6006DF722 /* Base */,
			);
			name = Main.storyboard;
			sourceTree = "<group>";
		};
		9D85182527BF2FA7006DF722 /* LaunchScreen.storyboard */ = {
			isa = PBXVariantGroup;
			children = (
				9D85182627BF2FA7006DF722 /* Base */,
			);
			name = LaunchScreen.storyboard;
			sourceTree = "<group>";
		};
		9D85184327BFFB1B006DF722 /* AddItem.storyboard */ = {
			isa = PBXVariantGroup;
			children = (
				9D85184427BFFB1B006DF722 /* Base */,
			);
			name = AddItem.storyboard;
			sourceTree = "<group>";
		};
/* End PBXVariantGroup section */

/* Begin XCBuildConfiguration section */
		9D85182927BF2FA7006DF722 /* Debug */ = {
			isa = XCBuildConfiguration;
			buildSettings = {
				ALWAYS_SEARCH_USER_PATHS = NO;
				CLANG_ANALYZER_NONNULL = YES;
				CLANG_ANALYZER_NUMBER_OBJECT_CONVERSION = YES_AGGRESSIVE;
				CLANG_CXX_LANGUAGE_STANDARD = "gnu++17";
				CLANG_CXX_LIBRARY = "libc++";
				CLANG_ENABLE_MODULES = YES;
				CLANG_ENABLE_OBJC_ARC = YES;
				CLANG_ENABLE_OBJC_WEAK = YES;
				CLANG_WARN_BLOCK_CAPTURE_AUTORELEASING = YES;
				CLANG_WARN_BOOL_CONVERSION = YES;
				CLANG_WARN_COMMA = YES;
				CLANG_WARN_CONSTANT_CONVERSION = YES;
				CLANG_WARN_DEPRECATED_OBJC_IMPLEMENTATIONS = YES;
				CLANG_WARN_DIRECT_OBJC_ISA_USAGE = YES_ERROR;
				CLANG_WARN_DOCUMENTATION_COMMENTS = YES;
				CLANG_WARN_EMPTY_BODY = YES;
				CLANG_WARN_ENUM_CONVERSION = YES;
				CLANG_WARN_INFINITE_RECURSION = YES;
				CLANG_WARN_INT_CONVERSION = YES;
				CLANG_WARN_NON_LITERAL_NULL_CONVERSION = YES;
				CLANG_WARN_OBJC_IMPLICIT_RETAIN_SELF = YES;
				CLANG_WARN_OBJC_LITERAL_CONVERSION = YES;
				CLANG_WARN_OBJC_ROOT_CLASS = YES_ERROR;
				CLANG_WARN_QUOTED_INCLUDE_IN_FRAMEWORK_HEADER = YES;
				CLANG_WARN_RANGE_LOOP_ANALYSIS = YES;
				CLANG_WARN_STRICT_PROTOTYPES = YES;
				CLANG_WARN_SUSPICIOUS_MOVE = YES;
				CLANG_WARN_UNGUARDED_AVAILABILITY = YES_AGGRESSIVE;
				CLANG_WARN_UNREACHABLE_CODE = YES;
				CLANG_WARN__DUPLICATE_METHOD_MATCH = YES;
				COPY_PHASE_STRIP = NO;
				DEBUG_INFORMATION_FORMAT = dwarf;
				ENABLE_STRICT_OBJC_MSGSEND = YES;
				ENABLE_TESTABILITY = YES;
				GCC_C_LANGUAGE_STANDARD = gnu11;
				GCC_DYNAMIC_NO_PIC = NO;
				GCC_NO_COMMON_BLOCKS = YES;
				GCC_OPTIMIZATION_LEVEL = 0;
				GCC_PREPROCESSOR_DEFINITIONS = (
					"DEBUG=1",
					"$(inherited)",
				);
				GCC_WARN_64_TO_32_BIT_CONVERSION = YES;
				GCC_WARN_ABOUT_RETURN_TYPE = YES_ERROR;
				GCC_WARN_UNDECLARED_SELECTOR = YES;
				GCC_WARN_UNINITIALIZED_AUTOS = YES_AGGRESSIVE;
				GCC_WARN_UNUSED_FUNCTION = YES;
				GCC_WARN_UNUSED_VARIABLE = YES;
				IPHONEOS_DEPLOYMENT_TARGET = 15.2;
				MTL_ENABLE_DEBUG_INFO = INCLUDE_SOURCE;
				MTL_FAST_MATH = YES;
				ONLY_ACTIVE_ARCH = YES;
				SDKROOT = iphoneos;
				SWIFT_ACTIVE_COMPILATION_CONDITIONS = DEBUG;
				SWIFT_OPTIMIZATION_LEVEL = "-Onone";
			};
			name = Debug;
		};
		9D85182A27BF2FA7006DF722 /* Release */ = {
			isa = XCBuildConfiguration;
			buildSettings = {
				ALWAYS_SEARCH_USER_PATHS = NO;
				CLANG_ANALYZER_NONNULL = YES;
				CLANG_ANALYZER_NUMBER_OBJECT_CONVERSION = YES_AGGRESSIVE;
				CLANG_CXX_LANGUAGE_STANDARD = "gnu++17";
				CLANG_CXX_LIBRARY = "libc++";
				CLANG_ENABLE_MODULES = YES;
				CLANG_ENABLE_OBJC_ARC = YES;
				CLANG_ENABLE_OBJC_WEAK = YES;
				CLANG_WARN_BLOCK_CAPTURE_AUTORELEASING = YES;
				CLANG_WARN_BOOL_CONVERSION = YES;
				CLANG_WARN_COMMA = YES;
				CLANG_WARN_CONSTANT_CONVERSION = YES;
				CLANG_WARN_DEPRECATED_OBJC_IMPLEMENTATIONS = YES;
				CLANG_WARN_DIRECT_OBJC_ISA_USAGE = YES_ERROR;
				CLANG_WARN_DOCUMENTATION_COMMENTS = YES;
				CLANG_WARN_EMPTY_BODY = YES;
				CLANG_WARN_ENUM_CONVERSION = YES;
				CLANG_WARN_INFINITE_RECURSION = YES;
				CLANG_WARN_INT_CONVERSION = YES;
				CLANG_WARN_NON_LITERAL_NULL_CONVERSION = YES;
				CLANG_WARN_OBJC_IMPLICIT_RETAIN_SELF = YES;
				CLANG_WARN_OBJC_LITERAL_CONVERSION = YES;
				CLANG_WARN_OBJC_ROOT_CLASS = YES_ERROR;
				CLANG_WARN_QUOTED_INCLUDE_IN_FRAMEWORK_HEADER = YES;
				CLANG_WARN_RANGE_LOOP_ANALYSIS = YES;
				CLANG_WARN_STRICT_PROTOTYPES = YES;
				CLANG_WARN_SUSPICIOUS_MOVE = YES;
				CLANG_WARN_UNGUARDED_AVAILABILITY = YES_AGGRESSIVE;
				CLANG_WARN_UNREACHABLE_CODE = YES;
				CLANG_WARN__DUPLICATE_METHOD_MATCH = YES;
				COPY_PHASE_STRIP = NO;
				DEBUG_INFORMATION_FORMAT = "dwarf-with-dsym";
				ENABLE_NS_ASSERTIONS = NO;
				ENABLE_STRICT_OBJC_MSGSEND = YES;
				GCC_C_LANGUAGE_STANDARD = gnu11;
				GCC_NO_COMMON_BLOCKS = YES;
				GCC_WARN_64_TO_32_BIT_CONVERSION = YES;
				GCC_WARN_ABOUT_RETURN_TYPE = YES_ERROR;
				GCC_WARN_UNDECLARED_SELECTOR = YES;
				GCC_WARN_UNINITIALIZED_AUTOS = YES_AGGRESSIVE;
				GCC_WARN_UNUSED_FUNCTION = YES;
				GCC_WARN_UNUSED_VARIABLE = YES;
				IPHONEOS_DEPLOYMENT_TARGET = 15.2;
				MTL_ENABLE_DEBUG_INFO = NO;
				MTL_FAST_MATH = YES;
				SDKROOT = iphoneos;
				SWIFT_COMPILATION_MODE = wholemodule;
				SWIFT_OPTIMIZATION_LEVEL = "-O";
				VALIDATE_PRODUCT = YES;
			};
			name = Release;
		};
		9D85182C27BF2FA7006DF722 /* Debug */ = {
			isa = XCBuildConfiguration;
			buildSettings = {
				ASSETCATALOG_COMPILER_APPICON_NAME = AppIcon;
				ASSETCATALOG_COMPILER_GLOBAL_ACCENT_COLOR_NAME = AccentColor;
				CODE_SIGN_STYLE = Automatic;
				CURRENT_PROJECT_VERSION = 1;
				DEVELOPMENT_TEAM = HD5UELD683;
				GENERATE_INFOPLIST_FILE = YES;
				INFOPLIST_FILE = DoorDashExperiments/Info.plist;
				INFOPLIST_KEY_UIApplicationSupportsIndirectInputEvents = YES;
				INFOPLIST_KEY_UILaunchStoryboardName = LaunchScreen;
				INFOPLIST_KEY_UIMainStoryboardFile = Main;
				INFOPLIST_KEY_UISupportedInterfaceOrientations_iPad = "UIInterfaceOrientationPortrait UIInterfaceOrientationPortraitUpsideDown UIInterfaceOrientationLandscapeLeft UIInterfaceOrientationLandscapeRight";
				INFOPLIST_KEY_UISupportedInterfaceOrientations_iPhone = "UIInterfaceOrientationPortrait UIInterfaceOrientationLandscapeLeft UIInterfaceOrientationLandscapeRight";
				LD_RUNPATH_SEARCH_PATHS = (
					"$(inherited)",
					"@executable_path/Frameworks",
				);
				MARKETING_VERSION = 1.0;
				PRODUCT_BUNDLE_IDENTIFIER = com.wang.terry.DoorDashExperiments;
				PRODUCT_NAME = "$(TARGET_NAME)";
				SWIFT_EMIT_LOC_STRINGS = YES;
				SWIFT_VERSION = 5.0;
				TARGETED_DEVICE_FAMILY = "1,2";
			};
			name = Debug;
		};
		9D85182D27BF2FA7006DF722 /* Release */ = {
			isa = XCBuildConfiguration;
			buildSettings = {
				ASSETCATALOG_COMPILER_APPICON_NAME = AppIcon;
				ASSETCATALOG_COMPILER_GLOBAL_ACCENT_COLOR_NAME = AccentColor;
				CODE_SIGN_STYLE = Automatic;
				CURRENT_PROJECT_VERSION = 1;
				DEVELOPMENT_TEAM = HD5UELD683;
				GENERATE_INFOPLIST_FILE = YES;
				INFOPLIST_FILE = DoorDashExperiments/Info.plist;
				INFOPLIST_KEY_UIApplicationSupportsIndirectInputEvents = YES;
				INFOPLIST_KEY_UILaunchStoryboardName = LaunchScreen;
				INFOPLIST_KEY_UIMainStoryboardFile = Main;
				INFOPLIST_KEY_UISupportedInterfaceOrientations_iPad = "UIInterfaceOrientationPortrait UIInterfaceOrientationPortraitUpsideDown UIInterfaceOrientationLandscapeLeft UIInterfaceOrientationLandscapeRight";
				INFOPLIST_KEY_UISupportedInterfaceOrientations_iPhone = "UIInterfaceOrientationPortrait UIInterfaceOrientationLandscapeLeft UIInterfaceOrientationLandscapeRight";
				LD_RUNPATH_SEARCH_PATHS = (
					"$(inherited)",
					"@executable_path/Frameworks",
				);
				MARKETING_VERSION = 1.0;
				PRODUCT_BUNDLE_IDENTIFIER = com.wang.terry.DoorDashExperiments;
				PRODUCT_NAME = "$(TARGET_NAME)";
				SWIFT_EMIT_LOC_STRINGS = YES;
				SWIFT_VERSION = 5.0;
				TARGETED_DEVICE_FAMILY = "1,2";
			};
			name = Release;
		};
/* End XCBuildConfiguration section */

/* Begin XCConfigurationList section */
		9D85180F27BF2FA5006DF722 /* Build configuration list for PBXProject "DoorDashExperiments" */ = {
			isa = XCConfigurationList;
			buildConfigurations = (
				9D85182927BF2FA7006DF722 /* Debug */,
				9D85182A27BF2FA7006DF722 /* Release */,
			);
			defaultConfigurationIsVisible = 0;
			defaultConfigurationName = Release;
		};
		9D85182B27BF2FA7006DF722 /* Build configuration list for PBXNativeTarget "DoorDashExperiments" */ = {
			isa = XCConfigurationList;
			buildConfigurations = (
				9D85182C27BF2FA7006DF722 /* Debug */,
				9D85182D27BF2FA7006DF722 /* Release */,
			);
			defaultConfigurationIsVisible = 0;
			defaultConfigurationName = Release;
		};
/* End XCConfigurationList section */

/* Begin XCVersionGroup section */
		9D85182027BF2FA6006DF722 /* DoorDashExperiments.xcdatamodeld */ = {
			isa = XCVersionGroup;
			children = (
				9D85182127BF2FA6006DF722 /* DoorDashExperiments.xcdatamodel */,
			);
			currentVersion = 9D85182127BF2FA6006DF722 /* DoorDashExperiments.xcdatamodel */;
			path = DoorDashExperiments.xcdatamodeld;
			sourceTree = "<group>";
			versionGroupType = wrapper.xcdatamodel;
		};
/* End XCVersionGroup section */
	};
	rootObject = 9D85180C27BF2FA5006DF722 /* Project object */;
}
